
Microsoft Visual Studio Solution File, Format Version 12.00
# Visual Studio Version 16
VisualStudioVersion = 16.0.31702.126
MinimumVisualStudioVersion = 10.0.40219.1
Project("{FAE04EC0-301F-11D3-BF4B-00C04F79EFBC}") = "ConsoleApp1", "ConsoleApp1.csproj", "{4FD0449B-28AC-44E9-921A-5C73A7955D31}"
EndProject
Global
	GlobalSection(SolutionConfigurationPlatforms) = preSolution
		Debug|Any CPU = Debug|Any CPU
		Release|Any CPU = Release|Any CPU
	EndGlobalSection
	GlobalSection(ProjectConfigurationPlatforms) = postSolution
		{4FD0449B-28AC-44E9-921A-5C73A7955D31}.Debug|Any CPU.ActiveCfg = Debug|Any CPU
		{4FD0449B-28AC-44E9-921A-5C73A7955D31}.Debug|Any CPU.Build.0 = Debug|Any CPU
		{4FD0449B-28AC-44E9-921A-5C73A7955D31}.Release|Any CPU.ActiveCfg = Release|Any CPU
		{4FD0449B-28AC-44E9-921A-5C73A7955D31}.Release|Any CPU.Build.0 = Release|Any CPU
	EndGlobalSection
	GlobalSection(SolutionProperties) = preSolution
		HideSolutionNode = FALSE
	EndGlobalSection
	GlobalSection(ExtensibilityGlobals) = postSolution
		SolutionGuid = {8E24B8F8-8400-4008-88F4-274ECE6B9F7A}
	EndGlobalSection
EndGlobal
